// !$*UTF8*$!
{
	archiveVersion = 1;
	classes = {
	};
	objectVersion = 50;
	objects = {

/* Begin PBXBuildFile section */
		0554F844217ADC66000705E8 /* iPhone-3x40pt.png in Resources */ = {isa = PBXBuildFile; fileRef = 0554F831217ADC65000705E8 /* iPhone-3x40pt.png */; };
		0554F845217ADC66000705E8 /* AppStore-1024pt.png in Resources */ = {isa = PBXBuildFile; fileRef = 0554F832217ADC66000705E8 /* AppStore-1024pt.png */; };
		0554F846217ADC66000705E8 /* iPad-2x40pt.png in Resources */ = {isa = PBXBuildFile; fileRef = 0554F833217ADC66000705E8 /* iPad-2x40pt.png */; };
		0554F847217ADC66000705E8 /* iPhone-3x29pt.png in Resources */ = {isa = PBXBuildFile; fileRef = 0554F834217ADC66000705E8 /* iPhone-3x29pt.png */; };
		0554F848217ADC66000705E8 /* iPad-1x40pt.png in Resources */ = {isa = PBXBuildFile; fileRef = 0554F835217ADC66000705E8 /* iPad-1x40pt.png */; };
		0554F849217ADC66000705E8 /* iPhone-2x29pt.png in Resources */ = {isa = PBXBuildFile; fileRef = 0554F836217ADC66000705E8 /* iPhone-2x29pt.png */; };
		0554F84A217ADC66000705E8 /* iPhone-2x20pt.png in Resources */ = {isa = PBXBuildFile; fileRef = 0554F837217ADC66000705E8 /* iPhone-2x20pt.png */; };
		0554F84B217ADC66000705E8 /* iPad-1x29pt.png in Resources */ = {isa = PBXBuildFile; fileRef = 0554F838217ADC66000705E8 /* iPad-1x29pt.png */; };
		0554F84C217ADC66000705E8 /* iPad-2x20pt.png in Resources */ = {isa = PBXBuildFile; fileRef = 0554F839217ADC66000705E8 /* iPad-2x20pt.png */; };
		0554F84D217ADC66000705E8 /* iPad-83point5pt.png in Resources */ = {isa = PBXBuildFile; fileRef = 0554F83A217ADC66000705E8 /* iPad-83point5pt.png */; };
		0554F84E217ADC66000705E8 /* iPad-1x76pt.png in Resources */ = {isa = PBXBuildFile; fileRef = 0554F83B217ADC66000705E8 /* iPad-1x76pt.png */; };
		0554F84F217ADC66000705E8 /* iPhone-2x40pt.png in Resources */ = {isa = PBXBuildFile; fileRef = 0554F83C217ADC66000705E8 /* iPhone-2x40pt.png */; };
		0554F850217ADC66000705E8 /* iPhone-3x20pt.png in Resources */ = {isa = PBXBuildFile; fileRef = 0554F83D217ADC66000705E8 /* iPhone-3x20pt.png */; };
		0554F851217ADC66000705E8 /* iPad-1x20pt.png in Resources */ = {isa = PBXBuildFile; fileRef = 0554F83E217ADC66000705E8 /* iPad-1x20pt.png */; };
		0554F852217ADC66000705E8 /* iPhone-3x60pt.png in Resources */ = {isa = PBXBuildFile; fileRef = 0554F83F217ADC66000705E8 /* iPhone-3x60pt.png */; };
		0554F853217ADC66000705E8 /* iPad-2x29pt.png in Resources */ = {isa = PBXBuildFile; fileRef = 0554F840217ADC66000705E8 /* iPad-2x29pt.png */; };
		0554F854217ADC66000705E8 /* iPad-2x76pt.png in Resources */ = {isa = PBXBuildFile; fileRef = 0554F841217ADC66000705E8 /* iPad-2x76pt.png */; };
		0554F855217ADC66000705E8 /* iPhone-2x60pt.png in Resources */ = {isa = PBXBuildFile; fileRef = 0554F842217ADC66000705E8 /* iPhone-2x60pt.png */; };
		0554F856217ADC66000705E8 /* iPhone-1x29pt.png in Resources */ = {isa = PBXBuildFile; fileRef = 0554F843217ADC66000705E8 /* iPhone-1x29pt.png */; };
		0554F858217ADCDE000705E8 /* OpenSans-Regular.ttf in Resources */ = {isa = PBXBuildFile; fileRef = 0554F857217ADCDE000705E8 /* OpenSans-Regular.ttf */; };
		057C261E217C89D800F31DD3 /* ScholarshipCell.swift in Sources */ = {isa = PBXBuildFile; fileRef = 057C261D217C89D800F31DD3 /* ScholarshipCell.swift */; };
		057C2620217C8F9C00F31DD3 /* Scholarship.swift in Sources */ = {isa = PBXBuildFile; fileRef = 057C261F217C8F9C00F31DD3 /* Scholarship.swift */; };
		058A866E217AC66E001F8AB2 /* AppDelegate.swift in Sources */ = {isa = PBXBuildFile; fileRef = 058A866D217AC66E001F8AB2 /* AppDelegate.swift */; };
		058A8670217AC66E001F8AB2 /* ViewController.swift in Sources */ = {isa = PBXBuildFile; fileRef = 058A866F217AC66E001F8AB2 /* ViewController.swift */; };
		058A8673217AC66E001F8AB2 /* Main.storyboard in Resources */ = {isa = PBXBuildFile; fileRef = 058A8671217AC66E001F8AB2 /* Main.storyboard */; };
		058A8675217AC670001F8AB2 /* Assets.xcassets in Resources */ = {isa = PBXBuildFile; fileRef = 058A8674217AC670001F8AB2 /* Assets.xcassets */; };
		058A8678217AC670001F8AB2 /* LaunchScreen.storyboard in Resources */ = {isa = PBXBuildFile; fileRef = 058A8676217AC670001F8AB2 /* LaunchScreen.storyboard */; };
		05B8B00C217B4CC4008E5A6F /* HomeViewController.swift in Sources */ = {isa = PBXBuildFile; fileRef = 05B8B00B217B4CC4008E5A6F /* HomeViewController.swift */; };
		05B8B010217B4E94008E5A6F /* SettingsViewController.swift in Sources */ = {isa = PBXBuildFile; fileRef = 05B8B00F217B4E94008E5A6F /* SettingsViewController.swift */; };
/* End PBXBuildFile section */

/* Begin PBXFileReference section */
		0554F831217ADC65000705E8 /* iPhone-3x40pt.png */ = {isa = PBXFileReference; lastKnownFileType = image.png; path = "iPhone-3x40pt.png"; sourceTree = "<group>"; };
		0554F832217ADC66000705E8 /* AppStore-1024pt.png */ = {isa = PBXFileReference; lastKnownFileType = image.png; path = "AppStore-1024pt.png"; sourceTree = "<group>"; };
		0554F833217ADC66000705E8 /* iPad-2x40pt.png */ = {isa = PBXFileReference; lastKnownFileType = image.png; path = "iPad-2x40pt.png"; sourceTree = "<group>"; };
		0554F834217ADC66000705E8 /* iPhone-3x29pt.png */ = {isa = PBXFileReference; lastKnownFileType = image.png; path = "iPhone-3x29pt.png"; sourceTree = "<group>"; };
		0554F835217ADC66000705E8 /* iPad-1x40pt.png */ = {isa = PBXFileReference; lastKnownFileType = image.png; path = "iPad-1x40pt.png"; sourceTree = "<group>"; };
		0554F836217ADC66000705E8 /* iPhone-2x29pt.png */ = {isa = PBXFileReference; lastKnownFileType = image.png; path = "iPhone-2x29pt.png"; sourceTree = "<group>"; };
		0554F837217ADC66000705E8 /* iPhone-2x20pt.png */ = {isa = PBXFileReference; lastKnownFileType = image.png; path = "iPhone-2x20pt.png"; sourceTree = "<group>"; };
		0554F838217ADC66000705E8 /* iPad-1x29pt.png */ = {isa = PBXFileReference; lastKnownFileType = image.png; path = "iPad-1x29pt.png"; sourceTree = "<group>"; };
		0554F839217ADC66000705E8 /* iPad-2x20pt.png */ = {isa = PBXFileReference; lastKnownFileType = image.png; path = "iPad-2x20pt.png"; sourceTree = "<group>"; };
		0554F83A217ADC66000705E8 /* iPad-83point5pt.png */ = {isa = PBXFileReference; lastKnownFileType = image.png; path = "iPad-83point5pt.png"; sourceTree = "<group>"; };
		0554F83B217ADC66000705E8 /* iPad-1x76pt.png */ = {isa = PBXFileReference; lastKnownFileType = image.png; path = "iPad-1x76pt.png"; sourceTree = "<group>"; };
		0554F83C217ADC66000705E8 /* iPhone-2x40pt.png */ = {isa = PBXFileReference; lastKnownFileType = image.png; path = "iPhone-2x40pt.png"; sourceTree = "<group>"; };
		0554F83D217ADC66000705E8 /* iPhone-3x20pt.png */ = {isa = PBXFileReference; lastKnownFileType = image.png; path = "iPhone-3x20pt.png"; sourceTree = "<group>"; };
		0554F83E217ADC66000705E8 /* iPad-1x20pt.png */ = {isa = PBXFileReference; lastKnownFileType = image.png; path = "iPad-1x20pt.png"; sourceTree = "<group>"; };
		0554F83F217ADC66000705E8 /* iPhone-3x60pt.png */ = {isa = PBXFileReference; lastKnownFileType = image.png; path = "iPhone-3x60pt.png"; sourceTree = "<group>"; };
		0554F840217ADC66000705E8 /* iPad-2x29pt.png */ = {isa = PBXFileReference; lastKnownFileType = image.png; path = "iPad-2x29pt.png"; sourceTree = "<group>"; };
		0554F841217ADC66000705E8 /* iPad-2x76pt.png */ = {isa = PBXFileReference; lastKnownFileType = image.png; path = "iPad-2x76pt.png"; sourceTree = "<group>"; };
		0554F842217ADC66000705E8 /* iPhone-2x60pt.png */ = {isa = PBXFileReference; lastKnownFileType = image.png; path = "iPhone-2x60pt.png"; sourceTree = "<group>"; };
		0554F843217ADC66000705E8 /* iPhone-1x29pt.png */ = {isa = PBXFileReference; lastKnownFileType = image.png; path = "iPhone-1x29pt.png"; sourceTree = "<group>"; };
		0554F857217ADCDE000705E8 /* OpenSans-Regular.ttf */ = {isa = PBXFileReference; lastKnownFileType = file; path = "OpenSans-Regular.ttf"; sourceTree = "<group>"; };
		057C261D217C89D800F31DD3 /* ScholarshipCell.swift */ = {isa = PBXFileReference; lastKnownFileType = sourcecode.swift; path = ScholarshipCell.swift; sourceTree = "<group>"; };
		057C261F217C8F9C00F31DD3 /* Scholarship.swift */ = {isa = PBXFileReference; lastKnownFileType = sourcecode.swift; path = Scholarship.swift; sourceTree = "<group>"; };
		058A866A217AC66E001F8AB2 /* Schoters.app */ = {isa = PBXFileReference; explicitFileType = wrapper.application; includeInIndex = 0; path = Schoters.app; sourceTree = BUILT_PRODUCTS_DIR; };
		058A866D217AC66E001F8AB2 /* AppDelegate.swift */ = {isa = PBXFileReference; lastKnownFileType = sourcecode.swift; path = AppDelegate.swift; sourceTree = "<group>"; };
		058A866F217AC66E001F8AB2 /* ViewController.swift */ = {isa = PBXFileReference; lastKnownFileType = sourcecode.swift; path = ViewController.swift; sourceTree = "<group>"; };
		058A8672217AC66E001F8AB2 /* Base */ = {isa = PBXFileReference; lastKnownFileType = file.storyboard; name = Base; path = Base.lproj/Main.storyboard; sourceTree = "<group>"; };
		058A8674217AC670001F8AB2 /* Assets.xcassets */ = {isa = PBXFileReference; lastKnownFileType = folder.assetcatalog; path = Assets.xcassets; sourceTree = "<group>"; };
		058A8677217AC670001F8AB2 /* Base */ = {isa = PBXFileReference; lastKnownFileType = file.storyboard; name = Base; path = Base.lproj/LaunchScreen.storyboard; sourceTree = "<group>"; };
		058A8679217AC670001F8AB2 /* Info.plist */ = {isa = PBXFileReference; lastKnownFileType = text.plist.xml; path = Info.plist; sourceTree = "<group>"; };
		05B8B00B217B4CC4008E5A6F /* HomeViewController.swift */ = {isa = PBXFileReference; lastKnownFileType = sourcecode.swift; path = HomeViewController.swift; sourceTree = "<group>"; };
		05B8B00F217B4E94008E5A6F /* SettingsViewController.swift */ = {isa = PBXFileReference; lastKnownFileType = sourcecode.swift; path = SettingsViewController.swift; sourceTree = "<group>"; };
/* End PBXFileReference section */

/* Begin PBXFrameworksBuildPhase section */
		058A8667217AC66E001F8AB2 /* Frameworks */ = {
			isa = PBXFrameworksBuildPhase;
			buildActionMask = 2147483647;
			files = (
			);
			runOnlyForDeploymentPostprocessing = 0;
		};
/* End PBXFrameworksBuildPhase section */

/* Begin PBXGroup section */
		0554F82E217ADBA0000705E8 /* Fonts */ = {
			isa = PBXGroup;
			children = (
				0554F857217ADCDE000705E8 /* OpenSans-Regular.ttf */,
			);
			path = Fonts;
			sourceTree = "<group>";
		};
		0554F82F217ADBE1000705E8 /* Images */ = {
			isa = PBXGroup;
			children = (
				0554F830217ADC27000705E8 /* Logos */,
			);
			path = Images;
			sourceTree = "<group>";
		};
		0554F830217ADC27000705E8 /* Logos */ = {
			isa = PBXGroup;
			children = (
				0554F832217ADC66000705E8 /* AppStore-1024pt.png */,
				0554F83E217ADC66000705E8 /* iPad-1x20pt.png */,
				0554F838217ADC66000705E8 /* iPad-1x29pt.png */,
				0554F835217ADC66000705E8 /* iPad-1x40pt.png */,
				0554F83B217ADC66000705E8 /* iPad-1x76pt.png */,
				0554F839217ADC66000705E8 /* iPad-2x20pt.png */,
				0554F840217ADC66000705E8 /* iPad-2x29pt.png */,
				0554F833217ADC66000705E8 /* iPad-2x40pt.png */,
				0554F841217ADC66000705E8 /* iPad-2x76pt.png */,
				0554F83A217ADC66000705E8 /* iPad-83point5pt.png */,
				0554F843217ADC66000705E8 /* iPhone-1x29pt.png */,
				0554F837217ADC66000705E8 /* iPhone-2x20pt.png */,
				0554F836217ADC66000705E8 /* iPhone-2x29pt.png */,
				0554F83C217ADC66000705E8 /* iPhone-2x40pt.png */,
				0554F842217ADC66000705E8 /* iPhone-2x60pt.png */,
				0554F83D217ADC66000705E8 /* iPhone-3x20pt.png */,
				0554F834217ADC66000705E8 /* iPhone-3x29pt.png */,
				0554F831217ADC65000705E8 /* iPhone-3x40pt.png */,
				0554F83F217ADC66000705E8 /* iPhone-3x60pt.png */,
			);
			path = Logos;
			sourceTree = "<group>";
		};
		057C261B217C88BA00F31DD3 /* Models */ = {
			isa = PBXGroup;
			children = (
				057C261F217C8F9C00F31DD3 /* Scholarship.swift */,
			);
			name = Models;
			sourceTree = "<group>";
		};
		057C261C217C88C600F31DD3 /* Views */ = {
			isa = PBXGroup;
			children = (
				057C261D217C89D800F31DD3 /* ScholarshipCell.swift */,
			);
			name = Views;
			sourceTree = "<group>";
		};
		058A8661217AC66E001F8AB2 = {
			isa = PBXGroup;
			children = (
				058A866C217AC66E001F8AB2 /* Schoters */,
				058A866B217AC66E001F8AB2 /* Products */,
			);
			sourceTree = "<group>";
		};
		058A866B217AC66E001F8AB2 /* Products */ = {
			isa = PBXGroup;
			children = (
				058A866A217AC66E001F8AB2 /* Schoters.app */,
			);
			name = Products;
			sourceTree = "<group>";
		};
		058A866C217AC66E001F8AB2 /* Schoters */ = {
			isa = PBXGroup;
			children = (
				058A866D217AC66E001F8AB2 /* AppDelegate.swift */,
				058A866F217AC66E001F8AB2 /* ViewController.swift */,
				058A8671217AC66E001F8AB2 /* Main.storyboard */,
				058A8674217AC670001F8AB2 /* Assets.xcassets */,
				05B8B00B217B4CC4008E5A6F /* HomeViewController.swift */,
				05B8B00F217B4E94008E5A6F /* SettingsViewController.swift */,
				057C261C217C88C600F31DD3 /* Views */,
				057C261B217C88BA00F31DD3 /* Models */,
				058A8676217AC670001F8AB2 /* LaunchScreen.storyboard */,
				058A8679217AC670001F8AB2 /* Info.plist */,
				0554F82F217ADBE1000705E8 /* Images */,
				0554F82E217ADBA0000705E8 /* Fonts */,
			);
			path = Schoters;
			sourceTree = "<group>";
		};
/* End PBXGroup section */

/* Begin PBXNativeTarget section */
		058A8669217AC66E001F8AB2 /* Schoters */ = {
			isa = PBXNativeTarget;
			buildConfigurationList = 058A867C217AC670001F8AB2 /* Build configuration list for PBXNativeTarget "Schoters" */;
			buildPhases = (
				058A8666217AC66E001F8AB2 /* Sources */,
				058A8667217AC66E001F8AB2 /* Frameworks */,
				058A8668217AC66E001F8AB2 /* Resources */,
			);
			buildRules = (
			);
			dependencies = (
			);
			name = Schoters;
			productName = Schoters;
			productReference = 058A866A217AC66E001F8AB2 /* Schoters.app */;
			productType = "com.apple.product-type.application";
		};
/* End PBXNativeTarget section */

/* Begin PBXProject section */
		058A8662217AC66E001F8AB2 /* Project object */ = {
			isa = PBXProject;
			attributes = {
				LastSwiftUpdateCheck = 1000;
				LastUpgradeCheck = 1000;
				ORGANIZATIONNAME = "Farabi Ramadhan Arief";
				TargetAttributes = {
					058A8669217AC66E001F8AB2 = {
						CreatedOnToolsVersion = 10.0;
					};
				};
			};
			buildConfigurationList = 058A8665217AC66E001F8AB2 /* Build configuration list for PBXProject "Schoters" */;
			compatibilityVersion = "Xcode 9.3";
			developmentRegion = en;
			hasScannedForEncodings = 0;
			knownRegions = (
				en,
				Base,
			);
			mainGroup = 058A8661217AC66E001F8AB2;
			productRefGroup = 058A866B217AC66E001F8AB2 /* Products */;
			projectDirPath = "";
			projectRoot = "";
			targets = (
				058A8669217AC66E001F8AB2 /* Schoters */,
			);
		};
/* End PBXProject section */

/* Begin PBXResourcesBuildPhase section */
		058A8668217AC66E001F8AB2 /* Resources */ = {
			isa = PBXResourcesBuildPhase;
			buildActionMask = 2147483647;
			files = (
				058A8678217AC670001F8AB2 /* LaunchScreen.storyboard in Resources */,
				0554F846217ADC66000705E8 /* iPad-2x40pt.png in Resources */,
				0554F849217ADC66000705E8 /* iPhone-2x29pt.png in Resources */,
				0554F84B217ADC66000705E8 /* iPad-1x29pt.png in Resources */,
				058A8675217AC670001F8AB2 /* Assets.xcassets in Resources */,
				0554F855217ADC66000705E8 /* iPhone-2x60pt.png in Resources */,
				0554F850217ADC66000705E8 /* iPhone-3x20pt.png in Resources */,
				0554F84C217ADC66000705E8 /* iPad-2x20pt.png in Resources */,
				0554F856217ADC66000705E8 /* iPhone-1x29pt.png in Resources */,
				058A8673217AC66E001F8AB2 /* Main.storyboard in Resources */,
				0554F845217ADC66000705E8 /* AppStore-1024pt.png in Resources */,
				0554F84A217ADC66000705E8 /* iPhone-2x20pt.png in Resources */,
				0554F84E217ADC66000705E8 /* iPad-1x76pt.png in Resources */,
				0554F84F217ADC66000705E8 /* iPhone-2x40pt.png in Resources */,
				0554F854217ADC66000705E8 /* iPad-2x76pt.png in Resources */,
				0554F844217ADC66000705E8 /* iPhone-3x40pt.png in Resources */,
				0554F84D217ADC66000705E8 /* iPad-83point5pt.png in Resources */,
				0554F851217ADC66000705E8 /* iPad-1x20pt.png in Resources */,
				0554F852217ADC66000705E8 /* iPhone-3x60pt.png in Resources */,
				0554F853217ADC66000705E8 /* iPad-2x29pt.png in Resources */,
				0554F848217ADC66000705E8 /* iPad-1x40pt.png in Resources */,
				0554F847217ADC66000705E8 /* iPhone-3x29pt.png in Resources */,
				0554F858217ADCDE000705E8 /* OpenSans-Regular.ttf in Resources */,
			);
			runOnlyForDeploymentPostprocessing = 0;
		};
/* End PBXResourcesBuildPhase section */

/* Begin PBXSourcesBuildPhase section */
		058A8666217AC66E001F8AB2 /* Sources */ = {
			isa = PBXSourcesBuildPhase;
			buildActionMask = 2147483647;
			files = (
				057C261E217C89D800F31DD3 /* ScholarshipCell.swift in Sources */,
				058A8670217AC66E001F8AB2 /* ViewController.swift in Sources */,
				058A866E217AC66E001F8AB2 /* AppDelegate.swift in Sources */,
				057C2620217C8F9C00F31DD3 /* Scholarship.swift in Sources */,
				05B8B010217B4E94008E5A6F /* SettingsViewController.swift in Sources */,
				05B8B00C217B4CC4008E5A6F /* HomeViewController.swift in Sources */,
			);
			runOnlyForDeploymentPostprocessing = 0;
		};
/* End PBXSourcesBuildPhase section */

/* Begin PBXVariantGroup section */
		058A8671217AC66E001F8AB2 /* Main.storyboard */ = {
			isa = PBXVariantGroup;
			children = (
				058A8672217AC66E001F8AB2 /* Base */,
			);
			name = Main.storyboard;
			sourceTree = "<group>";
		};
		058A8676217AC670001F8AB2 /* LaunchScreen.storyboard */ = {
			isa = PBXVariantGroup;
			children = (
				058A8677217AC670001F8AB2 /* Base */,
			);
			name = LaunchScreen.storyboard;
			sourceTree = "<group>";
		};
/* End PBXVariantGroup section */

/* Begin XCBuildConfiguration section */
		058A867A217AC670001F8AB2 /* Debug */ = {
			isa = XCBuildConfiguration;
			buildSettings = {
				ALWAYS_SEARCH_USER_PATHS = NO;
				CLANG_ANALYZER_NONNULL = YES;
				CLANG_ANALYZER_NUMBER_OBJECT_CONVERSION = YES_AGGRESSIVE;
				CLANG_CXX_LANGUAGE_STANDARD = "gnu++14";
				CLANG_CXX_LIBRARY = "libc++";
				CLANG_ENABLE_MODULES = YES;
				CLANG_ENABLE_OBJC_ARC = YES;
				CLANG_ENABLE_OBJC_WEAK = YES;
				CLANG_WARN_BLOCK_CAPTURE_AUTORELEASING = YES;
				CLANG_WARN_BOOL_CONVERSION = YES;
				CLANG_WARN_COMMA = YES;
				CLANG_WARN_CONSTANT_CONVERSION = YES;
				CLANG_WARN_DEPRECATED_OBJC_IMPLEMENTATIONS = YES;
				CLANG_WARN_DIRECT_OBJC_ISA_USAGE = YES_ERROR;
				CLANG_WARN_DOCUMENTATION_COMMENTS = YES;
				CLANG_WARN_EMPTY_BODY = YES;
				CLANG_WARN_ENUM_CONVERSION = YES;
				CLANG_WARN_INFINITE_RECURSION = YES;
				CLANG_WARN_INT_CONVERSION = YES;
				CLANG_WARN_NON_LITERAL_NULL_CONVERSION = YES;
				CLANG_WARN_OBJC_IMPLICIT_RETAIN_SELF = YES;
				CLANG_WARN_OBJC_LITERAL_CONVERSION = YES;
				CLANG_WARN_OBJC_ROOT_CLASS = YES_ERROR;
				CLANG_WARN_RANGE_LOOP_ANALYSIS = YES;
				CLANG_WARN_STRICT_PROTOTYPES = YES;
				CLANG_WARN_SUSPICIOUS_MOVE = YES;
				CLANG_WARN_UNGUARDED_AVAILABILITY = YES_AGGRESSIVE;
				CLANG_WARN_UNREACHABLE_CODE = YES;
				CLANG_WARN__DUPLICATE_METHOD_MATCH = YES;
				CODE_SIGN_IDENTITY = "iPhone Developer";
				COPY_PHASE_STRIP = NO;
				DEBUG_INFORMATION_FORMAT = dwarf;
				ENABLE_STRICT_OBJC_MSGSEND = YES;
				ENABLE_TESTABILITY = YES;
				GCC_C_LANGUAGE_STANDARD = gnu11;
				GCC_DYNAMIC_NO_PIC = NO;
				GCC_NO_COMMON_BLOCKS = YES;
				GCC_OPTIMIZATION_LEVEL = 0;
				GCC_PREPROCESSOR_DEFINITIONS = (
					"DEBUG=1",
					"$(inherited)",
				);
				GCC_WARN_64_TO_32_BIT_CONVERSION = YES;
				GCC_WARN_ABOUT_RETURN_TYPE = YES_ERROR;
				GCC_WARN_UNDECLARED_SELECTOR = YES;
				GCC_WARN_UNINITIALIZED_AUTOS = YES_AGGRESSIVE;
				GCC_WARN_UNUSED_FUNCTION = YES;
				GCC_WARN_UNUSED_VARIABLE = YES;
				IPHONEOS_DEPLOYMENT_TARGET = 12.0;
				MTL_ENABLE_DEBUG_INFO = INCLUDE_SOURCE;
				MTL_FAST_MATH = YES;
				ONLY_ACTIVE_ARCH = YES;
				SDKROOT = iphoneos;
				SWIFT_ACTIVE_COMPILATION_CONDITIONS = DEBUG;
				SWIFT_OPTIMIZATION_LEVEL = "-Onone";
			};
			name = Debug;
		};
		058A867B217AC670001F8AB2 /* Release */ = {
			isa = XCBuildConfiguration;
			buildSettings = {
				ALWAYS_SEARCH_USER_PATHS = NO;
				CLANG_ANALYZER_NONNULL = YES;
				CLANG_ANALYZER_NUMBER_OBJECT_CONVERSION = YES_AGGRESSIVE;
				CLANG_CXX_LANGUAGE_STANDARD = "gnu++14";
				CLANG_CXX_LIBRARY = "libc++";
				CLANG_ENABLE_MODULES = YES;
				CLANG_ENABLE_OBJC_ARC = YES;
				CLANG_ENABLE_OBJC_WEAK = YES;
				CLANG_WARN_BLOCK_CAPTURE_AUTORELEASING = YES;
				CLANG_WARN_BOOL_CONVERSION = YES;
				CLANG_WARN_COMMA = YES;
				CLANG_WARN_CONSTANT_CONVERSION = YES;
				CLANG_WARN_DEPRECATED_OBJC_IMPLEMENTATIONS = YES;
				CLANG_WARN_DIRECT_OBJC_ISA_USAGE = YES_ERROR;
				CLANG_WARN_DOCUMENTATION_COMMENTS = YES;
				CLANG_WARN_EMPTY_BODY = YES;
				CLANG_WARN_ENUM_CONVERSION = YES;
				CLANG_WARN_INFINITE_RECURSION = YES;
				CLANG_WARN_INT_CONVERSION = YES;
				CLANG_WARN_NON_LITERAL_NULL_CONVERSION = YES;
				CLANG_WARN_OBJC_IMPLICIT_RETAIN_SELF = YES;
				CLANG_WARN_OBJC_LITERAL_CONVERSION = YES;
				CLANG_WARN_OBJC_ROOT_CLASS = YES_ERROR;
				CLANG_WARN_RANGE_LOOP_ANALYSIS = YES;
				CLANG_WARN_STRICT_PROTOTYPES = YES;
				CLANG_WARN_SUSPICIOUS_MOVE = YES;
				CLANG_WARN_UNGUARDED_AVAILABILITY = YES_AGGRESSIVE;
				CLANG_WARN_UNREACHABLE_CODE = YES;
				CLANG_WARN__DUPLICATE_METHOD_MATCH = YES;
				CODE_SIGN_IDENTITY = "iPhone Developer";
				COPY_PHASE_STRIP = NO;
				DEBUG_INFORMATION_FORMAT = "dwarf-with-dsym";
				ENABLE_NS_ASSERTIONS = NO;
				ENABLE_STRICT_OBJC_MSGSEND = YES;
				GCC_C_LANGUAGE_STANDARD = gnu11;
				GCC_NO_COMMON_BLOCKS = YES;
				GCC_WARN_64_TO_32_BIT_CONVERSION = YES;
				GCC_WARN_ABOUT_RETURN_TYPE = YES_ERROR;
				GCC_WARN_UNDECLARED_SELECTOR = YES;
				GCC_WARN_UNINITIALIZED_AUTOS = YES_AGGRESSIVE;
				GCC_WARN_UNUSED_FUNCTION = YES;
				GCC_WARN_UNUSED_VARIABLE = YES;
				IPHONEOS_DEPLOYMENT_TARGET = 12.0;
				MTL_ENABLE_DEBUG_INFO = NO;
				MTL_FAST_MATH = YES;
				SDKROOT = iphoneos;
				SWIFT_COMPILATION_MODE = wholemodule;
				SWIFT_OPTIMIZATION_LEVEL = "-O";
				VALIDATE_PRODUCT = YES;
			};
			name = Release;
		};
		058A867D217AC670001F8AB2 /* Debug */ = {
			isa = XCBuildConfiguration;
			buildSettings = {
				ASSETCATALOG_COMPILER_APPICON_NAME = AppIcon;
				CODE_SIGN_STYLE = Automatic;
				DEVELOPMENT_TEAM = XL2344XKBL;
				INFOPLIST_FILE = Schoters/Info.plist;
				LD_RUNPATH_SEARCH_PATHS = (
					"$(inherited)",
					"@executable_path/Frameworks",
				);
				PRODUCT_BUNDLE_IDENTIFIER = com.farabira.Schoters;
				PRODUCT_NAME = "$(TARGET_NAME)";
				SWIFT_VERSION = 4.2;
				TARGETED_DEVICE_FAMILY = "1,2";
			};
			name = Debug;
		};
		058A867E217AC670001F8AB2 /* Release */ = {
			isa = XCBuildConfiguration;
			buildSettings = {
				ASSETCATALOG_COMPILER_APPICON_NAME = AppIcon;
				CODE_SIGN_STYLE = Automatic;
				DEVELOPMENT_TEAM = XL2344XKBL;
				INFOPLIST_FILE = Schoters/Info.plist;
				LD_RUNPATH_SEARCH_PATHS = (
					"$(inherited)",
					"@executable_path/Frameworks",
				);
				PRODUCT_BUNDLE_IDENTIFIER = com.farabira.Schoters;
				PRODUCT_NAME = "$(TARGET_NAME)";
				SWIFT_VERSION = 4.2;
				TARGETED_DEVICE_FAMILY = "1,2";
			};
			name = Release;
		};
/* End XCBuildConfiguration section */

/* Begin XCConfigurationList section */
		058A8665217AC66E001F8AB2 /* Build configuration list for PBXProject "Schoters" */ = {
			isa = XCConfigurationList;
			buildConfigurations = (
				058A867A217AC670001F8AB2 /* Debug */,
				058A867B217AC670001F8AB2 /* Release */,
			);
			defaultConfigurationIsVisible = 0;
			defaultConfigurationName = Release;
		};
		058A867C217AC670001F8AB2 /* Build configuration list for PBXNativeTarget "Schoters" */ = {
			isa = XCConfigurationList;
			buildConfigurations = (
				058A867D217AC670001F8AB2 /* Debug */,
				058A867E217AC670001F8AB2 /* Release */,
			);
			defaultConfigurationIsVisible = 0;
			defaultConfigurationName = Release;
		};
/* End XCConfigurationList section */
	};
	rootObject = 058A8662217AC66E001F8AB2 /* Project object */;
}
